
Microsoft Visual Studio Solution File, Format Version 12.00
# Visual Studio 15
VisualStudioVersion = 15.0.28307.421
MinimumVisualStudioVersion = 10.0.40219.1
Project("{9A19103F-16F7-4668-BE54-9A1E7A4F7556}") = "ScaleX.Scaler", "ScaleX.Scaler\ScaleX.Scaler.csproj", "{1113ADAC-1E5F-4720-BB76-0C3FEE18A9BD}"
EndProject
Project("{9A19103F-16F7-4668-BE54-9A1E7A4F7556}") = "ScaleX.Tests", "ScaleX.Tests\ScaleX.Tests.csproj", "{853F31D5-4916-4AA8-8423-2DFDADA159C4}"
EndProject
Project("{9A19103F-16F7-4668-BE54-9A1E7A4F7556}") = "ScaleX.Benchmarks", "ScaleX.Benchmarks\ScaleX.Benchmarks.csproj", "{79FD7C60-4442-4681-BFD3-8A2E9210F40E}"
EndProject
Project("{9A19103F-16F7-4668-BE54-9A1E7A4F7556}") = "ScaleX", "ScaleX\ScaleX.csproj", "{5E25DA26-33BB-4360-97F2-7B85E5825A3E}"
EndProject
Project("{9A19103F-16F7-4668-BE54-9A1E7A4F7556}") = "ScaleX.Legacy.Scaler", "ScaleX.Legacy.Scaler\ScaleX.Legacy.Scaler.csproj", "{BC468CAF-71D0-4B1B-8A7A-9E1BB4F4552A}"
EndProject
Global
	GlobalSection(SolutionConfigurationPlatforms) = preSolution
		Debug|Any CPU = Debug|Any CPU
		Release|Any CPU = Release|Any CPU
	EndGlobalSection
	GlobalSection(ProjectConfigurationPlatforms) = postSolution
		{1113ADAC-1E5F-4720-BB76-0C3FEE18A9BD}.Debug|Any CPU.ActiveCfg = Debug|Any CPU
		{1113ADAC-1E5F-4720-BB76-0C3FEE18A9BD}.Debug|Any CPU.Build.0 = Debug|Any CPU
		{1113ADAC-1E5F-4720-BB76-0C3FEE18A9BD}.Release|Any CPU.ActiveCfg = Release|Any CPU
		{1113ADAC-1E5F-4720-BB76-0C3FEE18A9BD}.Release|Any CPU.Build.0 = Release|Any CPU
		{853F31D5-4916-4AA8-8423-2DFDADA159C4}.Debug|Any CPU.ActiveCfg = Debug|Any CPU
		{853F31D5-4916-4AA8-8423-2DFDADA159C4}.Debug|Any CPU.Build.0 = Debug|Any CPU
		{853F31D5-4916-4AA8-8423-2DFDADA159C4}.Release|Any CPU.ActiveCfg = Release|Any CPU
		{853F31D5-4916-4AA8-8423-2DFDADA159C4}.Release|Any CPU.Build.0 = Release|Any CPU
		{79FD7C60-4442-4681-BFD3-8A2E9210F40E}.Debug|Any CPU.ActiveCfg = Debug|Any CPU
		{79FD7C60-4442-4681-BFD3-8A2E9210F40E}.Debug|Any CPU.Build.0 = Debug|Any CPU
		{79FD7C60-4442-4681-BFD3-8A2E9210F40E}.Release|Any CPU.ActiveCfg = Release|Any CPU
		{79FD7C60-4442-4681-BFD3-8A2E9210F40E}.Release|Any CPU.Build.0 = Release|Any CPU
		{5E25DA26-33BB-4360-97F2-7B85E5825A3E}.Debug|Any CPU.ActiveCfg = Debug|Any CPU
		{5E25DA26-33BB-4360-97F2-7B85E5825A3E}.Debug|Any CPU.Build.0 = Debug|Any CPU
		{5E25DA26-33BB-4360-97F2-7B85E5825A3E}.Release|Any CPU.ActiveCfg = Release|Any CPU
		{5E25DA26-33BB-4360-97F2-7B85E5825A3E}.Release|Any CPU.Build.0 = Release|Any CPU
		{BC468CAF-71D0-4B1B-8A7A-9E1BB4F4552A}.Debug|Any CPU.ActiveCfg = Debug|Any CPU
		{BC468CAF-71D0-4B1B-8A7A-9E1BB4F4552A}.Debug|Any CPU.Build.0 = Debug|Any CPU
		{BC468CAF-71D0-4B1B-8A7A-9E1BB4F4552A}.Release|Any CPU.ActiveCfg = Release|Any CPU
		{BC468CAF-71D0-4B1B-8A7A-9E1BB4F4552A}.Release|Any CPU.Build.0 = Release|Any CPU
	EndGlobalSection
	GlobalSection(SolutionProperties) = preSolution
		HideSolutionNode = FALSE
	EndGlobalSection
	GlobalSection(ExtensibilityGlobals) = postSolution
		SolutionGuid = {7BE06D15-2BB3-41F8-8F97-662ECBF07A3E}
	EndGlobalSection
EndGlobal
